{
  "name": "local-docs-office-feasibility",
  "lockfileVersion": 3,
  "requires": true,
  "packages": {
    "": {
      "name": "local-docs-office-feasibility",
      "dependencies": {
        "superdoc": "2.18.0"
      }
    },
    "node_modules/@acemir/cssom": {
      "version": "0.9.31",
      "license": "MIT"
    },
    "node_modules/@asamuzakjp/css-color": {
      "version": "4.1.2",
      "license": "MIT",
      "dependencies": {
        "@csstools/css-calc": "^3.0.0",
        "@csstools/css-color-parser": "^4.0.1",
        "@csstools/css-parser-algorithms": "^4.0.0",
        "@csstools/css-tokenizer": "^4.0.0",
        "lru-cache": "^11.2.5"
      }
    },
    "node_modules/@asamuzakjp/dom-selector": {
      "version": "6.8.1",
      "license": "MIT",
      "dependencies": {
        "@asamuzakjp/nwsapi": "^2.3.9",
        "bidi-js": "^1.0.3",
        "css-tree": "^3.1.0",
        "is-potential-custom-element-name": "^1.0.1",
        "lru-cache": "^11.2.6"
      }
    },
    "node_modules/@asamuzakjp/nwsapi": {
      "version": "2.3.9",
      "license": "MIT"
    },
    "node_modules/@babel/helper-string-parser": {
      "version": "7.29.7",
      "license": "MIT",
      "engines": {
        "node": ">=6.9.0"
      }
    },
    "node_modules/@babel/helper-validator-identifier": {
      "version": "7.29.7",
      "license": "MIT",
      "engines": {
        "node": ">=6.9.0"
      }
    },
    "node_modules/@babel/parser": {
      "version": "7.29.9",
      "license": "MIT",
      "dependencies": {
        "@babel/types": "^7.29.8"
      },
      "bin": {
        "parser": "bin/babel-parser.js"
      },
      "engines": {
        "node": ">=6.0.0"
      }
    },
    "node_modules/@babel/types": {
      "version": "7.29.8",
      "license": "MIT",
      "dependencies": {
        "@babel/helper-string-parser": "^7.29.7",
        "@babel/helper-validator-identifier": "^7.29.7"
      },
      "engines": {
        "node": ">=6.9.0"
      }
    },
    "node_modules/@csstools/color-helpers": {
      "version": "6.1.2",
      "funding": [
        {
          "type": "github",
          "url": "https://github.com/sponsors/csstools"
        },
        {
          "type": "opencollective",
          "url": "https://opencollective.com/csstools"
        }
      ],
      "license": "MIT-0",
      "engines": {
        "node": ">=20.19.0"
      }
    },
    "node_modules/@csstools/css-calc": {
      "version": "3.4.1",
      "funding": [
        {
          "type": "github",
          "url": "https://github.com/sponsors/csstools"
        },
        {
          "type": "opencollective",
          "url": "https://opencollective.com/csstools"
        }
      ],
      "license": "MIT",
      "engines": {
        "node": ">=20.19.0"
      },
      "peerDependencies": {
        "@csstools/css-parser-algorithms": "^4.0.1",
        "@csstools/css-tokenizer": "^4.0.2"
      }
    },
    "node_modules/@csstools/css-color-parser": {
      "version": "4.2.4",
      "funding": [
        {
          "type": "github",
          "url": "https://github.com/sponsors/csstools"
        },
        {
          "type": "opencollective",
          "url": "https://opencollective.com/csstools"
        }
      ],
      "license": "MIT",
      "dependencies": {
        "@csstools/color-helpers": "^6.1.2",
        "@csstools/css-calc": "^3.4.1"
      },
      "engines": {
        "node": ">=20.19.0"
      },
      "peerDependencies": {
        "@csstools/css-parser-algorithms": "^4.0.1",
        "@csstools/css-tokenizer": "^4.0.2"
      }
    },
    "node_modules/@csstools/css-parser-algorithms": {
      "version": "4.0.1",
      "funding": [
        {
          "type": "github",
          "url": "https://github.com/sponsors/csstools"
        },
        {
          "type": "opencollective",
          "url": "https://opencollective.com/csstools"
        }
      ],
      "license": "MIT",
      "engines": {
        "node": ">=20.19.0"
      },
      "peerDependencies": {
        "@csstools/css-tokenizer": "^4.0.2"
      }
    },
    "node_modules/@csstools/css-syntax-patches-for-csstree": {
      "version": "1.1.14",
      "funding": [
        {
          "type": "github",
          "url": "https://github.com/sponsors/csstools"
        },
        {
          "type": "opencollective",
          "url": "https://opencollective.com/csstools"
        }
      ],
      "license": "MIT-0",
      "peerDependencies": {
        "css-tree": "^3.2.1"
      },
      "peerDependenciesMeta": {
        "css-tree": {
          "optional": true
        }
      }
    },
    "node_modules/@csstools/css-tokenizer": {
      "version": "4.0.2",
      "funding": [
        {
          "type": "github",
          "url": "https://github.com/sponsors/csstools"
        },
        {
          "type": "opencollective",
          "url": "https://opencollective.com/csstools"
        }
      ],
      "license": "MIT",
      "engines": {
        "node": ">=20.19.0"
      }
    },
    "node_modules/@exodus/bytes": {
      "version": "1.16.0",
      "license": "MIT",
      "engines": {
        "node": "^20.19.0 || ^22.12.0 || >=24.0.0"
      },
      "peerDependencies": {
        "@noble/hashes": "^1.8.0 || ^2.0.0"
      },
      "peerDependenciesMeta": {
        "@noble/hashes": {
          "optional": true
        }
      }
    },
    "node_modules/@hocuspocus/common": {
      "version": "2.15.3",
      "license": "MIT",
      "peer": true,
      "dependencies": {
        "lib0": "^0.2.87"
      }
    },
    "node_modules/@hocuspocus/provider": {
      "version": "2.15.3",
      "license": "MIT",
      "peer": true,
      "dependencies": {
        "@hocuspocus/common": "^2.15.3",
        "@lifeomic/attempt": "^3.0.2",
        "lib0": "^0.2.87",
        "ws": "^8.17.1"
      },
      "peerDependencies": {
        "y-protocols": "^1.0.6",
        "yjs": "^13.6.8"
      }
    },
    "node_modules/@jridgewell/sourcemap-codec": {
      "version": "1.6.0",
      "license": "MIT"
    },
    "node_modules/@lifeomic/attempt": {
      "version": "3.1.0",
      "license": "MIT",
      "peer": true
    },
    "node_modules/@superdoc/docx-engine": {
      "version": "0.17.0",
      "resolved": "https://registry.npmjs.org/@superdoc/docx-engine/-/docx-engine-0.17.0.tgz",
      "integrity": "sha512-CyctVwMs+vhOmw9VR0goGn3WpHGPQ7HVqnRcwzfY/X8RRxw150Y3FlZrRBM/JeHcvS8UkOau2MUkrIZWD2yDoA==",
      "license": "SEE LICENSE IN DOCX-ENGINE-LICENSE.md",
      "dependencies": {
        "xml-js": "1.6.11"
      },
      "peerDependencies": {
        "@hocuspocus/provider": "^2.13.6",
        "@liveblocks/client": "^3.15.5",
        "@liveblocks/yjs": "^3.15.5",
        "vue": "^3.5.0",
        "y-websocket": "^3.0.0",
        "yjs": "^13.6.19"
      },
      "peerDependenciesMeta": {
        "@hocuspocus/provider": {
          "optional": true
        },
        "@liveblocks/client": {
          "optional": true
        },
        "@liveblocks/yjs": {
          "optional": true
        },
        "y-websocket": {
          "optional": true
        }
      }
    },
    "node_modules/@types/mdast": {
      "version": "4.0.4",
      "license": "MIT",
      "dependencies": {
        "@types/unist": "*"
      }
    },
    "node_modules/@types/node": {
      "version": "26.6.3",
      "license": "MIT",
      "dependencies": {
        "undici-types": "~8.9.0"
      }
    },
    "node_modules/@types/unist": {
      "version": "3.0.3",
      "license": "MIT"
    },
    "node_modules/@types/ws": {
      "version": "8.18.1",
      "license": "MIT",
      "dependencies": {
        "@types/node": "*"
      }
    },
    "node_modules/@vue/compiler-core": {
      "version": "3.5.43",
      "license": "MIT",
      "dependencies": {
        "@babel/parser": "^7.29.8",
        "@vue/shared": "3.5.43",
        "entities": "^7.0.1",
        "estree-walker": "^2.0.2",
        "source-map-js": "^1.2.1"
      }
    },
    "node_modules/@vue/compiler-core/node_modules/entities": {
      "version": "7.0.1",
      "license": "BSD-2-Clause",
      "engines": {
        "node": ">=0.12"
      },
      "funding": {
        "url": "https://github.com/fb55/entities?sponsor=1"
      }
    },
    "node_modules/@vue/compiler-dom": {
      "version": "3.5.43",
      "license": "MIT",
      "dependencies": {
        "@vue/compiler-core": "3.5.43",
        "@vue/shared": "3.5.43"
      }
    },
    "node_modules/@vue/compiler-sfc": {
      "version": "3.5.43",
      "license": "MIT",
      "dependencies": {
        "@babel/parser": "^7.29.8",
        "@vue/compiler-core": "3.5.43",
        "@vue/compiler-dom": "3.5.43",
        "@vue/compiler-ssr": "3.5.43",
        "@vue/shared": "3.5.43",
        "estree-walker": "^2.0.2",
        "magic-string": "^0.30.21",
        "postcss": "^8.5.28",
        "source-map-js": "^1.2.1"
      }
    },
    "node_modules/@vue/compiler-ssr": {
      "version": "3.5.43",
      "license": "MIT",
      "dependencies": {
        "@vue/compiler-dom": "3.5.43",
        "@vue/shared": "3.5.43"
      }
    },
    "node_modules/@vue/devtools-api": {
      "version": "7.7.10",
      "license": "MIT",
      "dependencies": {
        "@vue/devtools-kit": "^7.7.10"
      }
    },
    "node_modules/@vue/devtools-kit": {
      "version": "7.7.10",
      "license": "MIT",
      "dependencies": {
        "@vue/devtools-shared": "^7.7.10",
        "birpc": "^2.3.0",
        "hookable": "^5.5.3",
        "mitt": "^3.0.1",
        "perfect-debounce": "^1.0.0",
        "speakingurl": "^14.0.1",
        "superjson": "^2.2.2"
      }
    },
    "node_modules/@vue/devtools-shared": {
      "version": "7.7.10",
      "license": "MIT",
      "dependencies": {
        "rfdc": "^1.4.1"
      }
    },
    "node_modules/@vue/reactivity": {
      "version": "3.5.43",
      "license": "MIT",
      "dependencies": {
        "@vue/shared": "3.5.43"
      }
    },
    "node_modules/@vue/runtime-core": {
      "version": "3.5.43",
      "license": "MIT",
      "dependencies": {
        "@vue/reactivity": "3.5.43",
        "@vue/shared": "3.5.43"
      }
    },
    "node_modules/@vue/runtime-dom": {
      "version": "3.5.43",
      "license": "MIT",
      "dependencies": {
        "@vue/reactivity": "3.5.43",
        "@vue/runtime-core": "3.5.43",
        "@vue/shared": "3.5.43",
        "csstype": "^3.2.3"
      }
    },
    "node_modules/@vue/server-renderer": {
      "version": "3.5.43",
      "license": "MIT",
      "dependencies": {
        "@vue/compiler-ssr": "3.5.43",
        "@vue/runtime-dom": "3.5.43",
        "@vue/shared": "3.5.43"
      }
    },
    "node_modules/@vue/shared": {
      "version": "3.5.43",
      "license": "MIT"
    },
    "node_modules/agent-base": {
      "version": "7.1.4",
      "license": "MIT",
      "engines": {
        "node": ">= 14"
      }
    },
    "node_modules/bidi-js": {
      "version": "1.1.0",
      "license": "MIT",
      "dependencies": {
        "require-from-string": "^2.0.2"
      }
    },
    "node_modules/birpc": {
      "version": "2.9.0",
      "license": "MIT",
      "funding": {
        "url": "https://github.com/sponsors/antfu"
      }
    },
    "node_modules/buffer-crc32": {
      "version": "1.0.0",
      "license": "MIT",
      "engines": {
        "node": ">=8.0.0"
      }
    },
    "node_modules/copy-anything": {
      "version": "4.1.4",
      "license": "MIT",
      "engines": {
        "node": ">=18"
      },
      "funding": {
        "url": "https://github.com/sponsors/mesqueeb"
      }
    },
    "node_modules/css-tree": {
      "version": "3.2.1",
      "license": "MIT",
      "dependencies": {
        "mdn-data": "2.27.1",
        "source-map-js": "^1.2.1"
      },
      "engines": {
        "node": "^10 || ^12.20.0 || ^14.13.0 || >=15.0.0"
      }
    },
    "node_modules/cssstyle": {
      "version": "5.3.7",
      "license": "MIT",
      "dependencies": {
        "@asamuzakjp/css-color": "^4.1.1",
        "@csstools/css-syntax-patches-for-csstree": "^1.0.21",
        "css-tree": "^3.1.0",
        "lru-cache": "^11.2.4"
      },
      "engines": {
        "node": ">=20"
      }
    },
    "node_modules/csstype": {
      "version": "3.2.3",
      "license": "MIT"
    },
    "node_modules/data-urls": {
      "version": "6.0.1",
      "license": "MIT",
      "dependencies": {
        "whatwg-mimetype": "^5.0.0",
        "whatwg-url": "^15.1.0"
      },
      "engines": {
        "node": ">=20"
      }
    },
    "node_modules/data-urls/node_modules/whatwg-mimetype": {
      "version": "5.0.0",
      "license": "MIT",
      "engines": {
        "node": ">=20"
      }
    },
    "node_modules/debug": {
      "version": "4.4.3",
      "license": "MIT",
      "dependencies": {
        "ms": "^2.1.3"
      },
      "engines": {
        "node": ">=6.0"
      },
      "peerDependenciesMeta": {
        "supports-color": {
          "optional": true
        }
      }
    },
    "node_modules/decimal.js": {
      "version": "10.6.0",
      "license": "MIT"
    },
    "node_modules/entities": {
      "version": "8.1.0",
      "license": "BSD-2-Clause",
      "engines": {
        "node": ">=20.19.0"
      },
      "funding": {
        "url": "https://github.com/fb55/entities?sponsor=1"
      }
    },
    "node_modules/estree-walker": {
      "version": "2.0.2",
      "license": "MIT"
    },
    "node_modules/eventemitter3": {
      "version": "5.0.4",
      "license": "MIT"
    },
    "node_modules/hookable": {
      "version": "5.5.3",
      "license": "MIT"
    },
    "node_modules/html-encoding-sniffer": {
      "version": "6.0.0",
      "license": "MIT",
      "dependencies": {
        "@exodus/bytes": "^1.6.0"
      },
      "engines": {
        "node": "^20.19.0 || ^22.12.0 || >=24.0.0"
      }
    },
    "node_modules/http-proxy-agent": {
      "version": "7.0.2",
      "license": "MIT",
      "dependencies": {
        "agent-base": "^7.1.0",
        "debug": "^4.3.4"
      },
      "engines": {
        "node": ">= 14"
      }
    },
    "node_modules/https-proxy-agent": {
      "version": "7.0.6",
      "license": "MIT",
      "dependencies": {
        "agent-base": "^7.1.2",
        "debug": "4"
      },
      "engines": {
        "node": ">= 14"
      }
    },
    "node_modules/is-potential-custom-element-name": {
      "version": "1.0.1",
      "license": "MIT"
    },
    "node_modules/isomorphic.js": {
      "version": "0.2.5",
      "license": "MIT",
      "funding": {
        "type": "GitHub Sponsors ❤",
        "url": "https://github.com/sponsors/dmonad"
      }
    },
    "node_modules/jsdom": {
      "version": "27.4.0",
      "license": "MIT",
      "dependencies": {
        "@acemir/cssom": "^0.9.28",
        "@asamuzakjp/dom-selector": "^6.7.6",
        "@exodus/bytes": "^1.6.0",
        "cssstyle": "^5.3.4",
        "data-urls": "^6.0.0",
        "decimal.js": "^10.6.0",
        "html-encoding-sniffer": "^6.0.0",
        "http-proxy-agent": "^7.0.2",
        "https-proxy-agent": "^7.0.6",
        "is-potential-custom-element-name": "^1.0.1",
        "parse5": "^8.0.0",
        "saxes": "^6.0.0",
        "symbol-tree": "^3.2.4",
        "tough-cookie": "^6.0.0",
        "w3c-xmlserializer": "^5.0.0",
        "webidl-conversions": "^8.0.0",
        "whatwg-mimetype": "^4.0.0",
        "whatwg-url": "^15.1.0",
        "ws": "^8.18.3",
        "xml-name-validator": "^5.0.0"
      },
      "engines": {
        "node": "^20.19.0 || ^22.12.0 || >=24.0.0"
      },
      "peerDependencies": {
        "canvas": "^3.0.0"
      },
      "peerDependenciesMeta": {
        "canvas": {
          "optional": true
        }
      }
    },
    "node_modules/konva": {
      "version": "10.7.0",
      "funding": [
        {
          "type": "patreon",
          "url": "https://www.patreon.com/lavrton"
        },
        {
          "type": "opencollective",
          "url": "https://opencollective.com/konva"
        },
        {
          "type": "github",
          "url": "https://github.com/sponsors/lavrton"
        }
      ],
      "license": "MIT",
      "peerDependencies": {
        "canvas": "^3.0.0",
        "skia-canvas": "^3.0.0"
      },
      "peerDependenciesMeta": {
        "canvas": {
          "optional": true
        },
        "skia-canvas": {
          "optional": true
        }
      }
    },
    "node_modules/lib0": {
      "version": "0.2.118",
      "license": "MIT",
      "dependencies": {
        "isomorphic.js": "^0.2.4"
      },
      "bin": {
        "0ecdsa-generate-keypair": "bin/0ecdsa-generate-keypair.js",
        "0gentesthtml": "bin/gentesthtml.js",
        "0serve": "bin/0serve.js"
      },
      "engines": {
        "node": ">=16"
      },
      "funding": {
        "type": "GitHub Sponsors ❤",
        "url": "https://github.com/sponsors/dmonad"
      }
    },
    "node_modules/lru-cache": {
      "version": "11.5.3",
      "license": "BlueOak-1.0.0",
      "engines": {
        "node": "20 || >=22"
      }
    },
    "node_modules/magic-string": {
      "version": "0.30.21",
      "license": "MIT",
      "dependencies": {
        "@jridgewell/sourcemap-codec": "^1.5.5"
      }
    },
    "node_modules/mdn-data": {
      "version": "2.27.1",
      "license": "CC0-1.0"
    },
    "node_modules/mitt": {
      "version": "3.0.1",
      "license": "MIT"
    },
    "node_modules/ms": {
      "version": "2.1.3",
      "license": "MIT"
    },
    "node_modules/nanoid": {
      "version": "3.3.19",
      "funding": [
        {
          "type": "github",
          "url": "https://github.com/sponsors/ai"
        }
      ],
      "license": "MIT",
      "bin": {
        "nanoid": "bin/nanoid.cjs"
      },
      "engines": {
        "node": "^10 || ^12 || ^13.7 || ^14 || >=15.0.1"
      }
    },
    "node_modules/parse5": {
      "version": "8.0.1",
      "license": "MIT",
      "dependencies": {
        "entities": "^8.0.0"
      },
      "funding": {
        "url": "https://github.com/inikulin/parse5?sponsor=1"
      }
    },
    "node_modules/perfect-debounce": {
      "version": "1.0.0",
      "license": "MIT"
    },
    "node_modules/picocolors": {
      "version": "1.1.1",
      "license": "ISC"
    },
    "node_modules/pinia": {
      "version": "3.0.4",
      "license": "MIT",
      "dependencies": {
        "@vue/devtools-api": "^7.7.7"
      },
      "funding": {
        "url": "https://github.com/sponsors/posva"
      },
      "peerDependencies": {
        "typescript": ">=4.5.0",
        "vue": "^3.5.11"
      },
      "peerDependenciesMeta": {
        "typescript": {
          "optional": true
        }
      }
    },
    "node_modules/postcss": {
      "version": "8.5.28",
      "funding": [
        {
          "type": "opencollective",
          "url": "https://opencollective.com/postcss/"
        },
        {
          "type": "tidelift",
          "url": "https://tidelift.com/funding/github/npm/postcss"
        },
        {
          "type": "github",
          "url": "https://github.com/sponsors/ai"
        }
      ],
      "license": "MIT",
      "dependencies": {
        "nanoid": "^3.3.18",
        "picocolors": "^1.1.1",
        "source-map-js": "^1.2.1"
      },
      "engines": {
        "node": "^10 || ^12 || >=14"
      }
    },
    "node_modules/punycode": {
      "version": "2.3.1",
      "license": "MIT",
      "engines": {
        "node": ">=6"
      }
    },
    "node_modules/require-from-string": {
      "version": "2.0.2",
      "license": "MIT",
      "engines": {
        "node": ">=0.10.0"
      }
    },
    "node_modules/rfdc": {
      "version": "1.4.1",
      "license": "MIT"
    },
    "node_modules/sax": {
      "version": "1.6.1",
      "license": "BlueOak-1.0.0",
      "engines": {
        "node": ">=11.0.0"
      }
    },
    "node_modules/saxes": {
      "version": "6.0.0",
      "license": "ISC",
      "dependencies": {
        "xmlchars": "^2.2.0"
      },
      "engines": {
        "node": ">=v12.22.7"
      }
    },
    "node_modules/source-map-js": {
      "version": "1.2.1",
      "license": "BSD-3-Clause",
      "engines": {
        "node": ">=0.10.0"
      }
    },
    "node_modules/speakingurl": {
      "version": "14.0.1",
      "license": "BSD-3-Clause",
      "engines": {
        "node": ">=0.10.0"
      }
    },
    "node_modules/superdoc": {
      "version": "2.18.0",
      "resolved": "https://registry.npmjs.org/superdoc/-/superdoc-2.18.0.tgz",
      "integrity": "sha512-h9/2/x4wp0pqW5Rh8Wv8qTJr0i80kDfrOwGOmC4StaCryhjqa0xY5Y81g8BW+Q2WgrmMaVcfD2/qM8xvfzUv4g==",
      "license": "AGPL-3.0",
      "dependencies": {
        "@superdoc/docx-engine": "0.17.0",
        "@types/mdast": "^4.0.4",
        "@types/ws": "^8.18.1",
        "buffer-crc32": "^1.0.0",
        "eventemitter3": "^5.0.1",
        "jsdom": "^27.3.0",
        "konva": "^10.2.0",
        "pinia": "^3.0.4",
        "uuid": "^11.1.1",
        "vue": "^3.5.11",
        "y-websocket": "^3.0.0"
      },
      "peerDependencies": {
        "@hocuspocus/provider": "^2.13.6",
        "@liveblocks/client": "^3.15.5",
        "@liveblocks/yjs": "^3.15.5",
        "pdfjs-dist": "^5.4.296",
        "react": ">=16.8.0",
        "yjs": "^13.6.19"
      },
      "peerDependenciesMeta": {
        "@liveblocks/client": {
          "optional": true
        },
        "@liveblocks/yjs": {
          "optional": true
        },
        "pdfjs-dist": {
          "optional": true
        },
        "react": {
          "optional": true
        }
      }
    },
    "node_modules/superjson": {
      "version": "2.2.6",
      "license": "MIT",
      "dependencies": {
        "copy-anything": "^4"
      },
      "engines": {
        "node": ">=16"
      }
    },
    "node_modules/symbol-tree": {
      "version": "3.2.4",
      "license": "MIT"
    },
    "node_modules/tldts": {
      "version": "7.4.15",
      "license": "MIT",
      "dependencies": {
        "tldts-core": "^7.4.15"
      },
      "bin": {
        "tldts": "bin/cli.js"
      }
    },
    "node_modules/tldts-core": {
      "version": "7.4.15",
      "license": "MIT"
    },
    "node_modules/tough-cookie": {
      "version": "6.0.2",
      "license": "BSD-3-Clause",
      "dependencies": {
        "tldts": "^7.0.5"
      },
      "engines": {
        "node": ">=16"
      }
    },
    "node_modules/tr46": {
      "version": "6.0.0",
      "license": "MIT",
      "dependencies": {
        "punycode": "^2.3.1"
      },
      "engines": {
        "node": ">=20"
      }
    },
    "node_modules/undici-types": {
      "version": "8.9.0",
      "license": "MIT"
    },
    "node_modules/uuid": {
      "version": "11.1.1",
      "funding": [
        "https://github.com/sponsors/broofa",
        "https://github.com/sponsors/ctavan"
      ],
      "license": "MIT",
      "bin": {
        "uuid": "dist/esm/bin/uuid"
      }
    },
    "node_modules/vue": {
      "version": "3.5.43",
      "license": "MIT",
      "dependencies": {
        "@vue/compiler-dom": "3.5.43",
        "@vue/compiler-sfc": "3.5.43",
        "@vue/runtime-dom": "3.5.43",
        "@vue/server-renderer": "3.5.43",
        "@vue/shared": "3.5.43"
      },
      "peerDependencies": {
        "typescript": "*"
      },
      "peerDependenciesMeta": {
        "typescript": {
          "optional": true
        }
      }
    },
    "node_modules/w3c-xmlserializer": {
      "version": "5.0.0",
      "license": "MIT",
      "dependencies": {
        "xml-name-validator": "^5.0.0"
      },
      "engines": {
        "node": ">=18"
      }
    },
    "node_modules/webidl-conversions": {
      "version": "8.0.1",
      "license": "BSD-2-Clause",
      "engines": {
        "node": ">=20"
      }
    },
    "node_modules/whatwg-mimetype": {
      "version": "4.0.0",
      "license": "MIT",
      "engines": {
        "node": ">=18"
      }
    },
    "node_modules/whatwg-url": {
      "version": "15.1.0",
      "license": "MIT",
      "dependencies": {
        "tr46": "^6.0.0",
        "webidl-conversions": "^8.0.0"
      },
      "engines": {
        "node": ">=20"
      }
    },
    "node_modules/ws": {
      "version": "8.22.0",
      "license": "MIT",
      "engines": {
        "node": ">=10.0.0"
      },
      "peerDependencies": {
        "bufferutil": "^4.0.1",
        "utf-8-validate": ">=5.0.2"
      },
      "peerDependenciesMeta": {
        "bufferutil": {
          "optional": true
        },
        "utf-8-validate": {
          "optional": true
        }
      }
    },
    "node_modules/xml-js": {
      "version": "1.6.11",
      "license": "MIT",
      "dependencies": {
        "sax": "^1.2.4"
      },
      "bin": {
        "xml-js": "bin/cli.js"
      }
    },
    "node_modules/xml-name-validator": {
      "version": "5.0.0",
      "license": "Apache-2.0",
      "engines": {
        "node": ">=18"
      }
    },
    "node_modules/xmlchars": {
      "version": "2.2.0",
      "license": "MIT"
    },
    "node_modules/y-protocols": {
      "version": "1.0.7",
      "license": "MIT",
      "dependencies": {
        "lib0": "^0.2.85"
      },
      "engines": {
        "node": ">=16.0.0",
        "npm": ">=8.0.0"
      },
      "funding": {
        "type": "GitHub Sponsors ❤",
        "url": "https://github.com/sponsors/dmonad"
      },
      "peerDependencies": {
        "yjs": "^13.0.0"
      }
    },
    "node_modules/y-websocket": {
      "version": "3.1.0",
      "license": "MIT",
      "dependencies": {
        "lib0": "^0.2.102",
        "y-protocols": "^1.0.5"
      },
      "engines": {
        "node": ">=16.0.0",
        "npm": ">=8.0.0"
      },
      "funding": {
        "type": "GitHub Sponsors ❤",
        "url": "https://github.com/sponsors/dmonad"
      },
      "peerDependencies": {
        "yjs": "^13.5.6"
      }
    },
    "node_modules/yjs": {
      "version": "13.6.33",
      "license": "MIT",
      "peer": true,
      "dependencies": {
        "lib0": "^0.2.99"
      },
      "engines": {
        "node": ">=16.0.0",
        "npm": ">=8.0.0"
      },
      "funding": {
        "type": "GitHub Sponsors ❤",
        "url": "https://github.com/sponsors/dmonad"
      }
    }
  }
}
